
Microsoft Visual Studio Solution File, Format Version 12.00
# Visual Studio Version 17
VisualStudioVersion = 17.8.34330.188
MinimumVisualStudioVersion = 10.0.40219.1
Project("{FAE04EC0-301F-11D3-BF4B-00C04F79EFBC}") = "ASM 1", "ASM 1\ASM 1.csproj", "{C176AB7A-6405-4308-AA82-DF50D65E8BD3}"
EndProject
Global
	GlobalSection(SolutionConfigurationPlatforms) = preSolution
		Debug|Any CPU = Debug|Any CPU
		Release|Any CPU = Release|Any CPU
	EndGlobalSection
	GlobalSection(ProjectConfigurationPlatforms) = postSolution
		{C176AB7A-6405-4308-AA82-DF50D65E8BD3}.Debug|Any CPU.ActiveCfg = Debug|Any CPU
		{C176AB7A-6405-4308-AA82-DF50D65E8BD3}.Debug|Any CPU.Build.0 = Debug|Any CPU
		{C176AB7A-6405-4308-AA82-DF50D65E8BD3}.Release|Any CPU.ActiveCfg = Release|Any CPU
		{C176AB7A-6405-4308-AA82-DF50D65E8BD3}.Release|Any CPU.Build.0 = Release|Any CPU
	EndGlobalSection
	GlobalSection(SolutionProperties) = preSolution
		HideSolutionNode = FALSE
	EndGlobalSection
	GlobalSection(ExtensibilityGlobals) = postSolution
		SolutionGuid = {B3AB0E8F-C2E9-4D1A-B38D-1BD6772489BD}
	EndGlobalSection
EndGlobal
